
Microsoft Visual Studio Solution File, Format Version 12.00
# Visual Studio Version 16
VisualStudioVersion = 16.0.30225.117
MinimumVisualStudioVersion = 10.0.40219.1
Project("{FAE04EC0-301F-11D3-BF4B-00C04F79EFBC}") = "OdeToFood", "OdeToFood\OdeToFood.csproj", "{EF3DF86A-332A-42D5-9B8E-C9275C1A6843}"
EndProject
Project("{FAE04EC0-301F-11D3-BF4B-00C04F79EFBC}") = "OdeToFood.Core", "OdeToFood.Core\OdeToFood.Core.csproj", "{4B4C153D-69EC-4397-8A5B-26E1D94CFBDF}"
EndProject
Project("{FAE04EC0-301F-11D3-BF4B-00C04F79EFBC}") = "OdeToFood.Data", "OdeToFood.Data\OdeToFood.Data.csproj", "{EC8B830C-A66C-42A6-B7B7-26121FB97754}"
EndProject
Global
	GlobalSection(SolutionConfigurationPlatforms) = preSolution
		Debug|Any CPU = Debug|Any CPU
		Release|Any CPU = Release|Any CPU
	EndGlobalSection
	GlobalSection(ProjectConfigurationPlatforms) = postSolution
		{EF3DF86A-332A-42D5-9B8E-C9275C1A6843}.Debug|Any CPU.ActiveCfg = Debug|Any CPU
		{EF3DF86A-332A-42D5-9B8E-C9275C1A6843}.Debug|Any CPU.Build.0 = Debug|Any CPU
		{EF3DF86A-332A-42D5-9B8E-C9275C1A6843}.Release|Any CPU.ActiveCfg = Release|Any CPU
		{EF3DF86A-332A-42D5-9B8E-C9275C1A6843}.Release|Any CPU.Build.0 = Release|Any CPU
		{4B4C153D-69EC-4397-8A5B-26E1D94CFBDF}.Debug|Any CPU.ActiveCfg = Debug|Any CPU
		{4B4C153D-69EC-4397-8A5B-26E1D94CFBDF}.Debug|Any CPU.Build.0 = Debug|Any CPU
		{4B4C153D-69EC-4397-8A5B-26E1D94CFBDF}.Release|Any CPU.ActiveCfg = Release|Any CPU
		{4B4C153D-69EC-4397-8A5B-26E1D94CFBDF}.Release|Any CPU.Build.0 = Release|Any CPU
		{EC8B830C-A66C-42A6-B7B7-26121FB97754}.Debug|Any CPU.ActiveCfg = Debug|Any CPU
		{EC8B830C-A66C-42A6-B7B7-26121FB97754}.Debug|Any CPU.Build.0 = Debug|Any CPU
		{EC8B830C-A66C-42A6-B7B7-26121FB97754}.Release|Any CPU.ActiveCfg = Release|Any CPU
		{EC8B830C-A66C-42A6-B7B7-26121FB97754}.Release|Any CPU.Build.0 = Release|Any CPU
	EndGlobalSection
	GlobalSection(SolutionProperties) = preSolution
		HideSolutionNode = FALSE
	EndGlobalSection
	GlobalSection(ExtensibilityGlobals) = postSolution
		SolutionGuid = {50BFAA41-265F-40FD-B680-A2BA0A183656}
	EndGlobalSection
EndGlobal
